lockfileVersion: 5.4

specifiers:
  '@rollup/plugin-commonjs': ^24.1.0
  '@rollup/plugin-node-resolve': ^15.0.2
  '@rollup/plugin-terser': ^0.4.1
  '@rollup/plugin-typescript': ^11.1.0
  '@xdf/fetch-remote-config': ^1.1.4
  ioredis: ^5.3.2
  rate-limiter-flexible: ^2.4.1
  rollup: ^3.21.0
  rollup-plugin-replace: ^2.2.0
  tslib: ^2.5.3
  typescript: ^5.0.4

dependencies:
  '@xdf/fetch-remote-config': 1.1.4
  ioredis: 5.3.2
  rate-limiter-flexible: 2.4.1

devDependencies:
  '@rollup/plugin-commonjs': 24.1.0_rollup@3.21.0
  '@rollup/plugin-node-resolve': 15.0.2_rollup@3.21.0
  '@rollup/plugin-terser': 0.4.1_rollup@3.21.0
  '@rollup/plugin-typescript': 11.1.0_og46tv5sag5yjt6zhznojcyojm
  rollup: 3.21.0
  rollup-plugin-replace: 2.2.0
  tslib: 2.5.3
  typescript: 5.0.4

packages:

  /@ioredis/commands/1.2.0:
    resolution: {integrity: sha512-Sx1pU8EM64o2BrqNpEO1CNLtKQwyhuXuqyfH7oGKCk+1a33d2r5saW8zNwm3j6BTExtjrv2BxTgzzkMwts6vGg==}
    dev: false

  /@jridgewell/gen-mapping/0.3.3:
    resolution: {integrity: sha512-HLhSWOLRi875zjjMG/r+Nv0oCW8umGb0BgEhyX3dDX3egwZtB8PqLnjz3yedt8R5StBrzcg4aBpnh8UA9D1BoQ==}
    engines: {node: '>=6.0.0'}
    dependencies:
      '@jridgewell/set-array': 1.1.2
      '@jridgewell/sourcemap-codec': 1.4.15
      '@jridgewell/trace-mapping': 0.3.18
    dev: true

  /@jridgewell/resolve-uri/3.1.0:
    resolution: {integrity: sha512-F2msla3tad+Mfht5cJq7LSXcdudKTWCVYUgw6pLFOOHSTtZlj6SWNYAp+AhuqLmWdBO2X5hPrLcu8cVP8fy28w==}
    engines: {node: '>=6.0.0'}
    dev: true

  /@jridgewell/set-array/1.1.2:
    resolution: {integrity: sha512-xnkseuNADM0gt2bs+BvhO0p78Mk762YnZdsuzFV018NoG1Sj1SCQvpSqa7XUaTam5vAGasABV9qXASMKnFMwMw==}
    engines: {node: '>=6.0.0'}
    dev: true

  /@jridgewell/source-map/0.3.3:
    resolution: {integrity: sha512-b+fsZXeLYi9fEULmfBrhxn4IrPlINf8fiNarzTof004v3lFdntdwa9PF7vFJqm3mg7s+ScJMxXaE3Acp1irZcg==}
    dependencies:
      '@jridgewell/gen-mapping': 0.3.3
      '@jridgewell/trace-mapping': 0.3.18
    dev: true

  /@jridgewell/sourcemap-codec/1.4.14:
    resolution: {integrity: sha512-XPSJHWmi394fuUuzDnGz1wiKqWfo1yXecHQMRf2l6hztTO+nPru658AyDngaBe7isIxEkRsPR3FZh+s7iVa4Uw==}
    dev: true

  /@jridgewell/sourcemap-codec/1.4.15:
    resolution: {integrity: sha512-eF2rxCRulEKXHTRiDrDy6erMYWqNw4LPdQ8UQA4huuxaQsVeRPFl2oM8oDGxMFhJUWZf9McpLtJasDDZb/Bpeg==}
    dev: true

  /@jridgewell/trace-mapping/0.3.18:
    resolution: {integrity: sha512-w+niJYzMHdd7USdiH2U6869nqhD2nbfZXND5Yp93qIbEmnDNk7PD48o+YchRVpzMU7M6jVCbenTR7PA1FLQ9pA==}
    dependencies:
      '@jridgewell/resolve-uri': 3.1.0
      '@jridgewell/sourcemap-codec': 1.4.14
    dev: true

  /@rollup/plugin-commonjs/24.1.0_rollup@3.21.0:
    resolution: {integrity: sha512-eSL45hjhCWI0jCCXcNtLVqM5N1JlBGvlFfY0m6oOYnLCJ6N0qEXoZql4sY2MOUArzhH4SA/qBpTxvvZp2Sc+DQ==}
    engines: {node: '>=14.0.0'}
    peerDependencies:
      rollup: ^2.68.0||^3.0.0
    peerDependenciesMeta:
      rollup:
        optional: true
    dependencies:
      '@rollup/pluginutils': 5.0.2_rollup@3.21.0
      commondir: 1.0.1
      estree-walker: 2.0.2
      glob: 8.1.0
      is-reference: 1.2.1
      magic-string: 0.27.0
      rollup: 3.21.0
    dev: true

  /@rollup/plugin-node-resolve/15.0.2_rollup@3.21.0:
    resolution: {integrity: sha512-Y35fRGUjC3FaurG722uhUuG8YHOJRJQbI6/CkbRkdPotSpDj9NtIN85z1zrcyDcCQIW4qp5mgG72U+gJ0TAFEg==}
    engines: {node: '>=14.0.0'}
    peerDependencies:
      rollup: ^2.78.0||^3.0.0
    peerDependenciesMeta:
      rollup:
        optional: true
    dependencies:
      '@rollup/pluginutils': 5.0.2_rollup@3.21.0
      '@types/resolve': 1.20.2
      deepmerge: 4.3.1
      is-builtin-module: 3.2.1
      is-module: 1.0.0
      resolve: 1.22.1
      rollup: 3.21.0
    dev: true

  /@rollup/plugin-terser/0.4.1_rollup@3.21.0:
    resolution: {integrity: sha512-aKS32sw5a7hy+fEXVy+5T95aDIwjpGHCTv833HXVtyKMDoVS7pBr5K3L9hEQoNqbJFjfANPrNpIXlTQ7is00eA==}
    engines: {node: '>=14.0.0'}
    peerDependencies:
      rollup: ^2.x || ^3.x
    peerDependenciesMeta:
      rollup:
        optional: true
    dependencies:
      rollup: 3.21.0
      serialize-javascript: 6.0.1
      smob: 0.0.6
      terser: 5.17.1
    dev: true

  /@rollup/plugin-typescript/11.1.0_og46tv5sag5yjt6zhznojcyojm:
    resolution: {integrity: sha512-86flrfE+bSHB69znnTV6kVjkncs2LBMhcTCyxWgRxLyfXfQrxg4UwlAqENnjrrxnSNS/XKCDJCl8EkdFJVHOxw==}
    engines: {node: '>=14.0.0'}
    peerDependencies:
      rollup: ^2.14.0||^3.0.0
      tslib: '*'
      typescript: '>=3.7.0'
    peerDependenciesMeta:
      rollup:
        optional: true
      tslib:
        optional: true
    dependencies:
      '@rollup/pluginutils': 5.0.2_rollup@3.21.0
      resolve: 1.22.1
      rollup: 3.21.0
      tslib: 2.5.3
      typescript: 5.0.4
    dev: true

  /@rollup/pluginutils/5.0.2_rollup@3.21.0:
    resolution: {integrity: sha512-pTd9rIsP92h+B6wWwFbW8RkZv4hiR/xKsqre4SIuAOaOEQRxi0lqLke9k2/7WegC85GgUs9pjmOjCUi3In4vwA==}
    engines: {node: '>=14.0.0'}
    peerDependencies:
      rollup: ^1.20.0||^2.0.0||^3.0.0
    peerDependenciesMeta:
      rollup:
        optional: true
    dependencies:
      '@types/estree': 1.0.0
      estree-walker: 2.0.2
      picomatch: 2.3.1
      rollup: 3.21.0
    dev: true

  /@types/estree/1.0.0:
    resolution: {integrity: sha512-WulqXMDUTYAXCjZnk6JtIHPigp55cVtDgDrO2gHRwhyJto21+1zbVCtOYB2L1F9w4qCQ0rOGWBnBe0FNTiEJIQ==}
    dev: true

  /@types/resolve/1.20.2:
    resolution: {integrity: sha512-60BCwRFOZCQhDncwQdxxeOEEkbc5dIMccYLwbxsS4TUNeVECQ/pBJ0j09mrHOl/JJvpRPGwO9SvE4nR2Nb/a4Q==}
    dev: true

  /@xdf/fetch-remote-config/1.1.4:
    resolution: {integrity: sha512-SsdEEcz1I8+kN32Hu2O1tIF4D2stvDTpl+J91Y30Cq2Co0yyvQ87BevFESxHF+p/R7znC7Jzo2q/uIUuBld6Gw==}
    dependencies:
      '@xdf/miniyfetch': 1.0.9
      md5: 2.3.0
    dev: false

  /@xdf/miniyfetch/1.0.9:
    resolution: {integrity: sha512-5tp7nn3Oo3aK+TiwwjGM16dI7RBGFTMOtCrlST/GUszcwu0iqQIzCbnaPMabafzg2lTQgteZDmpnU98N9CoLiQ==}
    dev: false

  /acorn/8.8.2:
    resolution: {integrity: sha512-xjIYgE8HBrkpd/sJqOGNspf8uHG+NOHGOw6a/Urj8taM2EXfdNAH2oFcPeIFfsv3+kz/mJrS5VuMqbNLjCa2vw==}
    engines: {node: '>=0.4.0'}
    hasBin: true
    dev: true

  /balanced-match/1.0.2:
    resolution: {integrity: sha1-6D46fj8wCzTLnYf2FfoMvzV2kO4=}
    dev: true

  /brace-expansion/2.0.1:
    resolution: {integrity: sha1-HtxFng8MVISG7Pn8mfIiE2S5oK4=}
    dependencies:
      balanced-match: 1.0.2
    dev: true

  /buffer-from/1.1.2:
    resolution: {integrity: sha1-KxRqb9cugLT1XSVfNe1Zo6mkG9U=}
    dev: true

  /builtin-modules/3.3.0:
    resolution: {integrity: sha512-zhaCDicdLuWN5UbN5IMnFqNMhNfo919sH85y2/ea+5Yg9TsTkeZxpL+JLbp6cgYFS4sRLp3YV4S6yDuqVWHYOw==}
    engines: {node: '>=6'}
    dev: true

  /charenc/0.0.2:
    resolution: {integrity: sha1-wKHS86cJLgN3S/qD8UwPxXkKhmc=}
    dev: false

  /cluster-key-slot/1.1.2:
    resolution: {integrity: sha512-RMr0FhtfXemyinomL4hrWcYJxmX6deFdCxpJzhDttxgO1+bcCnkk+9drydLVDmAMG7NE6aN/fl4F7ucU/90gAA==}
    engines: {node: '>=0.10.0'}
    dev: false

  /commander/2.20.3:
    resolution: {integrity: sha1-/UhehMA+tIgcIHIrpIA16FMa6zM=}
    dev: true

  /commondir/1.0.1:
    resolution: {integrity: sha1-3dgA2gxmEnOTzKWVDqloo6rxJTs=}
    dev: true

  /crypt/0.0.2:
    resolution: {integrity: sha1-iNf/fsDfuG9xPch7u0LQRNPmxBs=}
    dev: false

  /debug/4.3.4:
    resolution: {integrity: sha512-PRWFHuSU3eDtQJPvnNY7Jcket1j0t5OuOsFzPPzsekD52Zl8qUfFIPEiswXqIvHWGVHOgX+7G/vCNNhehwxfkQ==}
    engines: {node: '>=6.0'}
    peerDependencies:
      supports-color: '*'
    peerDependenciesMeta:
      supports-color:
        optional: true
    dependencies:
      ms: 2.1.2
    dev: false

  /deepmerge/4.3.1:
    resolution: {integrity: sha512-3sUqbMEc77XqpdNO7FRyRog+eW3ph+GYCbj+rK+uYyRMuwsVy0rMiVtPn+QJlKFvWP/1PYpapqYn0Me2knFn+A==}
    engines: {node: '>=0.10.0'}
    dev: true

  /denque/2.1.0:
    resolution: {integrity: sha512-HVQE3AAb/pxF8fQAoiqpvg9i3evqug3hoiwakOyZAwJm+6vZehbkYXZ0l4JxS+I3QxM97v5aaRNhj8v5oBhekw==}
    engines: {node: '>=0.10'}
    dev: false

  /estree-walker/0.6.1:
    resolution: {integrity: sha1-UwSRQ/QMbrkYsjZx0f4yGfOhs2I=}
    dev: true

  /estree-walker/2.0.2:
    resolution: {integrity: sha1-UvAQF4wqTBF6d1fP6UKtt9LaTKw=}
    dev: true

  /fs.realpath/1.0.0:
    resolution: {integrity: sha1-FQStJSMVjKpA20onh8sBQRmU6k8=}
    dev: true

  /fsevents/2.3.2:
    resolution: {integrity: sha1-ilJveLj99GI7cJ4Ll1xSwkwC/Ro=}
    engines: {node: ^8.16.0 || ^10.6.0 || >=11.0.0}
    os: [darwin]
    requiresBuild: true
    dev: true
    optional: true

  /function-bind/1.1.1:
    resolution: {integrity: sha1-pWiZ0+o8m6uHS7l3O3xe3pL0iV0=}
    dev: true

  /glob/8.1.0:
    resolution: {integrity: sha512-r8hpEjiQEYlF2QU0df3dS+nxxSIreXQS1qRhMJM0Q5NDdR386C7jb7Hwwod8Fgiuex+k0GFjgft18yvxm5XoCQ==}
    engines: {node: '>=12'}
    dependencies:
      fs.realpath: 1.0.0
      inflight: 1.0.6
      inherits: 2.0.4
      minimatch: 5.1.6
      once: 1.4.0
    dev: true

  /has/1.0.3:
    resolution: {integrity: sha1-ci18v8H2qoJB8W3YFOAR4fQeh5Y=}
    engines: {node: '>= 0.4.0'}
    dependencies:
      function-bind: 1.1.1
    dev: true

  /inflight/1.0.6:
    resolution: {integrity: sha1-Sb1jMdfQLQwJvJEKEHW6gWW1bfk=}
    dependencies:
      once: 1.4.0
      wrappy: 1.0.2
    dev: true

  /inherits/2.0.4:
    resolution: {integrity: sha1-D6LGT5MpF8NDOg3tVTY6rjdBa3w=}
    dev: true

  /ioredis/5.3.2:
    resolution: {integrity: sha512-1DKMMzlIHM02eBBVOFQ1+AolGjs6+xEcM4PDL7NqOS6szq7H9jSaEkIUH6/a5Hl241LzW6JLSiAbNvTQjUupUA==}
    engines: {node: '>=12.22.0'}
    dependencies:
      '@ioredis/commands': 1.2.0
      cluster-key-slot: 1.1.2
      debug: 4.3.4
      denque: 2.1.0
      lodash.defaults: 4.2.0
      lodash.isarguments: 3.1.0
      redis-errors: 1.2.0
      redis-parser: 3.0.0
      standard-as-callback: 2.1.0
    transitivePeerDependencies:
      - supports-color
    dev: false

  /is-buffer/1.1.6:
    resolution: {integrity: sha1-76ouqdqg16suoTqXsritUf776L4=}
    dev: false

  /is-builtin-module/3.2.1:
    resolution: {integrity: sha512-BSLE3HnV2syZ0FK0iMA/yUGplUeMmNz4AW5fnTunbCIqZi4vG3WjJT9FHMy5D69xmAYBHXQhJdALdpwVxV501A==}
    engines: {node: '>=6'}
    dependencies:
      builtin-modules: 3.3.0
    dev: true

  /is-core-module/2.11.0:
    resolution: {integrity: sha512-RRjxlvLDkD1YJwDbroBHMb+cukurkDWNyHx7D3oNB5x9rb5ogcksMC5wHCadcXoo67gVr/+3GFySh3134zi6rw==}
    dependencies:
      has: 1.0.3
    dev: true

  /is-module/1.0.0:
    resolution: {integrity: sha1-Mlj7afeMFNW4FdZkM2tM/7ZEFZE=}
    dev: true

  /is-reference/1.2.1:
    resolution: {integrity: sha1-iy2sCzcfS8mU/eq6nrVC0DAC0Lc=}
    dependencies:
      '@types/estree': 1.0.0
    dev: true

  /lodash.defaults/4.2.0:
    resolution: {integrity: sha1-0JF4cW/+pN3p5ft7N/bwgCJ0WAw=}
    dev: false

  /lodash.isarguments/3.1.0:
    resolution: {integrity: sha1-L1c9hcaiQon/AGY7SRwdM4/zRYo=}
    dev: false

  /magic-string/0.25.9:
    resolution: {integrity: sha512-RmF0AsMzgt25qzqqLc1+MbHmhdx0ojF2Fvs4XnOqz2ZOBXzzkEwc/dJQZCYHAn7v1jbVOjAZfK8msRn4BxO4VQ==}
    dependencies:
      sourcemap-codec: 1.4.8
    dev: true

  /magic-string/0.27.0:
    resolution: {integrity: sha512-8UnnX2PeRAPZuN12svgR9j7M1uWMovg/CEnIwIG0LFkXSJJe4PdfUGiTGl8V9bsBHFUtfVINcSyYxd7q+kx9fA==}
    engines: {node: '>=12'}
    dependencies:
      '@jridgewell/sourcemap-codec': 1.4.15
    dev: true

  /md5/2.3.0:
    resolution: {integrity: sha1-w9qaaq46MLRreww0m4exENw72k8=}
    dependencies:
      charenc: 0.0.2
      crypt: 0.0.2
      is-buffer: 1.1.6
    dev: false

  /minimatch/5.1.6:
    resolution: {integrity: sha512-lKwV/1brpG6mBUFHtb7NUmtABCb2WZZmm2wNiOA5hAb8VdCS4B3dtMWyvcoViccwAW/COERjXLt0zP1zXUN26g==}
    engines: {node: '>=10'}
    dependencies:
      brace-expansion: 2.0.1
    dev: true

  /ms/2.1.2:
    resolution: {integrity: sha1-0J0fNXtEP0kzgqjrPM0YOHKuYAk=}
    dev: false

  /once/1.4.0:
    resolution: {integrity: sha1-WDsap3WWHUsROsF9nFC6753Xa9E=}
    dependencies:
      wrappy: 1.0.2
    dev: true

  /path-parse/1.0.7:
    resolution: {integrity: sha1-+8EUtgykKzDZ2vWFjkvWi77bZzU=}
    dev: true

  /picomatch/2.3.1:
    resolution: {integrity: sha512-JU3teHTNjmE2VCGFzuY8EXzCDVwEqB2a8fsIvwaStHhAWJEeVd1o1QD80CU6+ZdEXXSLbSsuLwJjkCBWqRQUVA==}
    engines: {node: '>=8.6'}
    dev: true

  /randombytes/2.1.0:
    resolution: {integrity: sha1-32+ENy8CcNxlzfYpE0mrekc9Tyo=}
    dependencies:
      safe-buffer: 5.2.1
    dev: true

  /rate-limiter-flexible/2.4.1:
    resolution: {integrity: sha512-dgH4T44TzKVO9CLArNto62hJOwlWJMLUjVVr/ii0uUzZXEXthDNr7/yefW5z/1vvHAfycc1tnuiYyNJ8CTRB3g==}
    dev: false

  /redis-errors/1.2.0:
    resolution: {integrity: sha1-62LSrbFeTq9GEMBK/hUpOEJQq60=}
    engines: {node: '>=4'}
    dev: false

  /redis-parser/3.0.0:
    resolution: {integrity: sha1-tm2CjNyv5rS4pCin3vTGvKwxyLQ=}
    engines: {node: '>=4'}
    dependencies:
      redis-errors: 1.2.0
    dev: false

  /resolve/1.22.1:
    resolution: {integrity: sha512-nBpuuYuY5jFsli/JIs1oldw6fOQCBioohqWZg/2hiaOybXOft4lonv85uDOKXdf8rhyK159cxU5cDcK/NKk8zw==}
    hasBin: true
    dependencies:
      is-core-module: 2.11.0
      path-parse: 1.0.7
      supports-preserve-symlinks-flag: 1.0.0
    dev: true

  /rollup-plugin-replace/2.2.0:
    resolution: {integrity: sha1-9BrlNy4R56IXzeNJyLXV/RFecOM=}
    deprecated: This module has moved and is now available at @rollup/plugin-replace. Please update your dependencies. This version is no longer maintained.
    dependencies:
      magic-string: 0.25.9
      rollup-pluginutils: 2.8.2
    dev: true

  /rollup-pluginutils/2.8.2:
    resolution: {integrity: sha1-cvKvB0i1kjZNvTOJ5gDlqURKNR4=}
    dependencies:
      estree-walker: 0.6.1
    dev: true

  /rollup/3.21.0:
    resolution: {integrity: sha512-ANPhVcyeHvYdQMUyCbczy33nbLzI7RzrBje4uvNiTDJGIMtlKoOStmympwr9OtS1LZxiDmE2wvxHyVhoLtf1KQ==}
    engines: {node: '>=14.18.0', npm: '>=8.0.0'}
    hasBin: true
    optionalDependencies:
      fsevents: 2.3.2
    dev: true

  /safe-buffer/5.2.1:
    resolution: {integrity: sha1-Hq+fqb2x/dTsdfWPnNtOa3gn7sY=}
    dev: true

  /serialize-javascript/6.0.1:
    resolution: {integrity: sha512-owoXEFjWRllis8/M1Q+Cw5k8ZH40e3zhp/ovX+Xr/vi1qj6QesbyXXViFbpNvWvPNAD62SutwEXavefrLJWj7w==}
    dependencies:
      randombytes: 2.1.0
    dev: true

  /smob/0.0.6:
    resolution: {integrity: sha512-V21+XeNni+tTyiST1MHsa84AQhT1aFZipzPpOFAVB8DkHzwJyjjAmt9bgwnuZiZWnIbMo2duE29wybxv/7HWUw==}
    dev: true

  /source-map-support/0.5.21:
    resolution: {integrity: sha1-BP58f54e0tZiIzwoyys1ufY/bk8=}
    dependencies:
      buffer-from: 1.1.2
      source-map: 0.6.1
    dev: true

  /source-map/0.6.1:
    resolution: {integrity: sha1-dHIq8y6WFOnCh6jQu95IteLxomM=}
    engines: {node: '>=0.10.0'}
    dev: true

  /sourcemap-codec/1.4.8:
    resolution: {integrity: sha1-6oBL2UhXQC5pktBaOO8a41qatMQ=}
    dev: true

  /standard-as-callback/2.1.0:
    resolution: {integrity: sha512-qoRRSyROncaz1z0mvYqIE4lCd9p2R90i6GxW3uZv5ucSu8tU7B5HXUP1gG8pVZsYNVaXjk8ClXHPttLyxAL48A==}
    dev: false

  /supports-preserve-symlinks-flag/1.0.0:
    resolution: {integrity: sha512-ot0WnXS9fgdkgIcePe6RHNk1WA8+muPa6cSjeR3V8K27q9BB1rTE3R1p7Hv0z1ZyAc8s6Vvv8DIyWf681MAt0w==}
    engines: {node: '>= 0.4'}
    dev: true

  /terser/5.17.1:
    resolution: {integrity: sha512-hVl35zClmpisy6oaoKALOpS0rDYLxRFLHhRuDlEGTKey9qHjS1w9GMORjuwIMt70Wan4lwsLYyWDVnWgF+KUEw==}
    engines: {node: '>=10'}
    hasBin: true
    dependencies:
      '@jridgewell/source-map': 0.3.3
      acorn: 8.8.2
      commander: 2.20.3
      source-map-support: 0.5.21
    dev: true

  /tslib/2.5.3:
    resolution: {integrity: sha512-mSxlJJwl3BMEQCUNnxXBU9jP4JBktcEGhURcPR6VQVlnP0FdDEsIaz0C35dXNGLyRfrATNofF0F5p2KPxQgB+w==}
    dev: true

  /typescript/5.0.4:
    resolution: {integrity: sha512-cW9T5W9xY37cc+jfEnaUvX91foxtHkza3Nw3wkoF4sSlKn0MONdkdEndig/qPBWXNkmplh3NzayQzCiHM4/hqw==}
    engines: {node: '>=12.20'}
    hasBin: true
    dev: true

  /wrappy/1.0.2:
    resolution: {integrity: sha1-tSQ9jz7BqjXxNkYFvA0QNuMKtp8=}
    dev: true
